{
  "nodes": {
    "nixpkgs": {
      "locked": {
        "lastModified": 1726419528,
        "narHash": "sha256-HnRGr/u+/cRkWeye8BMn4DlpbAVeang7+BcCaU2aKfQ=",
        "owner": "nixos",
        "repo": "nixpkgs",
        "rev": "7c1e688ff4661c2757362fb8b6c2cadc69ad5ee1",
        "type": "github"
      },
      "original": {
        "owner": "nixos",
        "repo": "nixpkgs",
        "type": "github"
      }
    },
    "root": {
      "inputs": {
        "nixpkgs": "nixpkgs"
      }
    }
  },
  "root": "root",
  "version": 7
}
