{
  "nodes": {
    "nixpkgs": {
      "locked": {
        "lastModified": 1768100661,
        "narHash": "sha256-8EnaTgJaTZbLsPsTRckYyM1hfwGsB39TrndNtj3X3us=",
        "owner": "nixos",
        "repo": "nixpkgs",
        "rev": "946d14e79ea04bf5900f09d5355df0316a2f2454",
        "type": "github"
      },
      "original": {
        "owner": "nixos",
        "repo": "nixpkgs",
        "type": "github"
      }
    },
    "root": {
      "inputs": {
        "nixpkgs": "nixpkgs"
      }
    }
  },
  "root": "root",
  "version": 7
}
